
Microsoft Visual Studio Solution File, Format Version 12.00
# Visual Studio Version 16
VisualStudioVersion = 16.0.30309.148
MinimumVisualStudioVersion = 10.0.40219.1
Project("{9A19103F-16F7-4668-BE54-9A1E7A4F7556}") = "CurrencyConverter.UI", "src\CurrencyConverter.UI\CurrencyConverter.UI.csproj", "{C24018FB-D77C-4716-ADED-000130A42BF7}"
EndProject
Project("{9A19103F-16F7-4668-BE54-9A1E7A4F7556}") = "CurrencyConverter.Infrastructure", "src\CurrencyConverter.Infrastructure\CurrencyConverter.Infrastructure.csproj", "{5E6C321F-66C6-4C34-9E45-FB24E8758D75}"
EndProject
Project("{9A19103F-16F7-4668-BE54-9A1E7A4F7556}") = "CurrencyConverter.Shared", "src\CurrencyConverter.Shared\CurrencyConverter.Shared.csproj", "{FF52D1E1-37DD-4899-BDF7-542AA668190D}"
EndProject
Project("{9A19103F-16F7-4668-BE54-9A1E7A4F7556}") = "CurrencyConverter.Domain", "src\CurrencyConverter.Domain\CurrencyConverter.Domain.csproj", "{94BC18FF-3C77-4532-BB31-94985F922AC8}"
EndProject
Project("{9A19103F-16F7-4668-BE54-9A1E7A4F7556}") = "CurrencyConverter.Services", "src\CurrencyConverter.Services\CurrencyConverter.Services.csproj", "{7E2CBB4B-8091-4E49-A3CA-BC893BB1D5E8}"
EndProject
Global
	GlobalSection(SolutionConfigurationPlatforms) = preSolution
		Debug|Any CPU = Debug|Any CPU
		Release|Any CPU = Release|Any CPU
	EndGlobalSection
	GlobalSection(ProjectConfigurationPlatforms) = postSolution
		{C24018FB-D77C-4716-ADED-000130A42BF7}.Debug|Any CPU.ActiveCfg = Debug|Any CPU
		{C24018FB-D77C-4716-ADED-000130A42BF7}.Debug|Any CPU.Build.0 = Debug|Any CPU
		{C24018FB-D77C-4716-ADED-000130A42BF7}.Release|Any CPU.ActiveCfg = Release|Any CPU
		{C24018FB-D77C-4716-ADED-000130A42BF7}.Release|Any CPU.Build.0 = Release|Any CPU
		{5E6C321F-66C6-4C34-9E45-FB24E8758D75}.Debug|Any CPU.ActiveCfg = Debug|Any CPU
		{5E6C321F-66C6-4C34-9E45-FB24E8758D75}.Debug|Any CPU.Build.0 = Debug|Any CPU
		{5E6C321F-66C6-4C34-9E45-FB24E8758D75}.Release|Any CPU.ActiveCfg = Release|Any CPU
		{5E6C321F-66C6-4C34-9E45-FB24E8758D75}.Release|Any CPU.Build.0 = Release|Any CPU
		{FF52D1E1-37DD-4899-BDF7-542AA668190D}.Debug|Any CPU.ActiveCfg = Debug|Any CPU
		{FF52D1E1-37DD-4899-BDF7-542AA668190D}.Debug|Any CPU.Build.0 = Debug|Any CPU
		{FF52D1E1-37DD-4899-BDF7-542AA668190D}.Release|Any CPU.ActiveCfg = Release|Any CPU
		{FF52D1E1-37DD-4899-BDF7-542AA668190D}.Release|Any CPU.Build.0 = Release|Any CPU
		{94BC18FF-3C77-4532-BB31-94985F922AC8}.Debug|Any CPU.ActiveCfg = Debug|Any CPU
		{94BC18FF-3C77-4532-BB31-94985F922AC8}.Debug|Any CPU.Build.0 = Debug|Any CPU
		{94BC18FF-3C77-4532-BB31-94985F922AC8}.Release|Any CPU.ActiveCfg = Release|Any CPU
		{94BC18FF-3C77-4532-BB31-94985F922AC8}.Release|Any CPU.Build.0 = Release|Any CPU
		{7E2CBB4B-8091-4E49-A3CA-BC893BB1D5E8}.Debug|Any CPU.ActiveCfg = Debug|Any CPU
		{7E2CBB4B-8091-4E49-A3CA-BC893BB1D5E8}.Debug|Any CPU.Build.0 = Debug|Any CPU
		{7E2CBB4B-8091-4E49-A3CA-BC893BB1D5E8}.Release|Any CPU.ActiveCfg = Release|Any CPU
		{7E2CBB4B-8091-4E49-A3CA-BC893BB1D5E8}.Release|Any CPU.Build.0 = Release|Any CPU
	EndGlobalSection
	GlobalSection(SolutionProperties) = preSolution
		HideSolutionNode = FALSE
	EndGlobalSection
	GlobalSection(ExtensibilityGlobals) = postSolution
		SolutionGuid = {E38A58CE-FCA9-4FA4-8166-25AA9BDFC3C1}
	EndGlobalSection
EndGlobal
